
Microsoft Visual Studio Solution File, Format Version 12.00
# Visual Studio Version 16
VisualStudioVersion = 16.0.30517.126
MinimumVisualStudioVersion = 10.0.40219.1
Project("{FAE04EC0-301F-11D3-BF4B-00C04F79EFBC}") = "Ejercicio3", "Ejercicio3\Ejercicio3.csproj", "{3CBC596A-34E8-4534-8AC9-F444C07B85B3}"
EndProject
Global
	GlobalSection(SolutionConfigurationPlatforms) = preSolution
		Debug|Any CPU = Debug|Any CPU
		Release|Any CPU = Release|Any CPU
	EndGlobalSection
	GlobalSection(ProjectConfigurationPlatforms) = postSolution
		{3CBC596A-34E8-4534-8AC9-F444C07B85B3}.Debug|Any CPU.ActiveCfg = Debug|Any CPU
		{3CBC596A-34E8-4534-8AC9-F444C07B85B3}.Debug|Any CPU.Build.0 = Debug|Any CPU
		{3CBC596A-34E8-4534-8AC9-F444C07B85B3}.Release|Any CPU.ActiveCfg = Release|Any CPU
		{3CBC596A-34E8-4534-8AC9-F444C07B85B3}.Release|Any CPU.Build.0 = Release|Any CPU
	EndGlobalSection
	GlobalSection(SolutionProperties) = preSolution
		HideSolutionNode = FALSE
	EndGlobalSection
	GlobalSection(ExtensibilityGlobals) = postSolution
		SolutionGuid = {2824612B-6B43-4F29-AA03-F7B8DFE2807A}
	EndGlobalSection
EndGlobal
